
Microsoft Visual Studio Solution File, Format Version 12.00
# Visual Studio Version 17
VisualStudioVersion = 17.14.36310.24
MinimumVisualStudioVersion = 10.0.40219.1
Project("{FAE04EC0-301F-11D3-BF4B-00C04F79EFBC}") = "ShogunCheat", "ShogunCheat\ShogunCheat.csproj", "{C91BA35D-4227-4D84-834D-405FF9D36325}"
EndProject
Project("{FAE04EC0-301F-11D3-BF4B-00C04F79EFBC}") = "ShockwaveTriggerAfterPush", "ShockwaveTriggerAfterPush\ShockwaveTriggerAfterPush.csproj", "{9BA4F81C-31BC-4F1F-9DF4-B9DD64C6764B}"
EndProject
Project("{FAE04EC0-301F-11D3-BF4B-00C04F79EFBC}") = "TrapStopDash", "TrapStopDash\TrapStopDash.csproj", "{67BF0552-E157-491C-A8CE-37ACA4727B21}"
EndProject
Project("{FAE04EC0-301F-11D3-BF4B-00C04F79EFBC}") = "BossHealth", "BossHealth\BossHealth.csproj", "{BEBCC287-C897-4489-9AE2-58771FED36BA}"
EndProject
Global
	GlobalSection(SolutionConfigurationPlatforms) = preSolution
		Debug|Any CPU = Debug|Any CPU
		Release|Any CPU = Release|Any CPU
	EndGlobalSection
	GlobalSection(ProjectConfigurationPlatforms) = postSolution
		{C91BA35D-4227-4D84-834D-405FF9D36325}.Debug|Any CPU.ActiveCfg = Debug|Any CPU
		{C91BA35D-4227-4D84-834D-405FF9D36325}.Debug|Any CPU.Build.0 = Debug|Any CPU
		{C91BA35D-4227-4D84-834D-405FF9D36325}.Release|Any CPU.ActiveCfg = Release|Any CPU
		{C91BA35D-4227-4D84-834D-405FF9D36325}.Release|Any CPU.Build.0 = Release|Any CPU
		{9BA4F81C-31BC-4F1F-9DF4-B9DD64C6764B}.Debug|Any CPU.ActiveCfg = Debug|Any CPU
		{9BA4F81C-31BC-4F1F-9DF4-B9DD64C6764B}.Debug|Any CPU.Build.0 = Debug|Any CPU
		{9BA4F81C-31BC-4F1F-9DF4-B9DD64C6764B}.Release|Any CPU.ActiveCfg = Release|Any CPU
		{9BA4F81C-31BC-4F1F-9DF4-B9DD64C6764B}.Release|Any CPU.Build.0 = Release|Any CPU
		{67BF0552-E157-491C-A8CE-37ACA4727B21}.Debug|Any CPU.ActiveCfg = Debug|Any CPU
		{67BF0552-E157-491C-A8CE-37ACA4727B21}.Debug|Any CPU.Build.0 = Debug|Any CPU
		{67BF0552-E157-491C-A8CE-37ACA4727B21}.Release|Any CPU.ActiveCfg = Release|Any CPU
		{67BF0552-E157-491C-A8CE-37ACA4727B21}.Release|Any CPU.Build.0 = Release|Any CPU
		{BEBCC287-C897-4489-9AE2-58771FED36BA}.Debug|Any CPU.ActiveCfg = Debug|Any CPU
		{BEBCC287-C897-4489-9AE2-58771FED36BA}.Debug|Any CPU.Build.0 = Debug|Any CPU
		{BEBCC287-C897-4489-9AE2-58771FED36BA}.Release|Any CPU.ActiveCfg = Release|Any CPU
		{BEBCC287-C897-4489-9AE2-58771FED36BA}.Release|Any CPU.Build.0 = Release|Any CPU
	EndGlobalSection
	GlobalSection(SolutionProperties) = preSolution
		HideSolutionNode = FALSE
	EndGlobalSection
	GlobalSection(ExtensibilityGlobals) = postSolution
		SolutionGuid = {7DFA1025-8086-4DAB-8AD4-B7FAB1C93A30}
	EndGlobalSection
EndGlobal
